
Microsoft Visual Studio Solution File, Format Version 12.00
# Visual Studio Version 17
VisualStudioVersion = 17.6.33815.320
MinimumVisualStudioVersion = 10.0.40219.1
Project("{FAE04EC0-301F-11D3-BF4B-00C04F79EFBC}") = "Drb.Blazor", "Drb.Blazor\Drb.Blazor.csproj", "{C16ED37A-E1EF-48FF-A57A-1FA956C48142}"
EndProject
Project("{FAE04EC0-301F-11D3-BF4B-00C04F79EFBC}") = "Examples", "Examples\Examples.csproj", "{34C1D1E7-337D-43B3-B9B5-8EDD476B1921}"
EndProject
Global
	GlobalSection(SolutionConfigurationPlatforms) = preSolution
		Debug|Any CPU = Debug|Any CPU
		Release|Any CPU = Release|Any CPU
	EndGlobalSection
	GlobalSection(ProjectConfigurationPlatforms) = postSolution
		{C16ED37A-E1EF-48FF-A57A-1FA956C48142}.Debug|Any CPU.ActiveCfg = Debug|Any CPU
		{C16ED37A-E1EF-48FF-A57A-1FA956C48142}.Debug|Any CPU.Build.0 = Debug|Any CPU
		{C16ED37A-E1EF-48FF-A57A-1FA956C48142}.Release|Any CPU.ActiveCfg = Release|Any CPU
		{C16ED37A-E1EF-48FF-A57A-1FA956C48142}.Release|Any CPU.Build.0 = Release|Any CPU
		{34C1D1E7-337D-43B3-B9B5-8EDD476B1921}.Debug|Any CPU.ActiveCfg = Debug|Any CPU
		{34C1D1E7-337D-43B3-B9B5-8EDD476B1921}.Debug|Any CPU.Build.0 = Debug|Any CPU
		{34C1D1E7-337D-43B3-B9B5-8EDD476B1921}.Release|Any CPU.ActiveCfg = Release|Any CPU
		{34C1D1E7-337D-43B3-B9B5-8EDD476B1921}.Release|Any CPU.Build.0 = Release|Any CPU
	EndGlobalSection
	GlobalSection(SolutionProperties) = preSolution
		HideSolutionNode = FALSE
	EndGlobalSection
	GlobalSection(ExtensibilityGlobals) = postSolution
		SolutionGuid = {7629F792-1D75-48EF-944E-F6241D06EC1F}
	EndGlobalSection
EndGlobal
